
Microsoft Visual Studio Solution File, Format Version 12.00
# Visual Studio 2012
Project("{FAE04EC0-301F-11D3-BF4B-00C04F79EFBC}") = "SettingsProvider", "SettingsProvider.csproj", "{A686F933-569F-4E5D-B7A0-303AD569B193}"
EndProject
Global
	GlobalSection(SolutionConfigurationPlatforms) = preSolution
		Debug|Any CPU = Debug|Any CPU
		Release|Any CPU = Release|Any CPU
	EndGlobalSection
	GlobalSection(ProjectConfigurationPlatforms) = postSolution
		{A686F933-569F-4E5D-B7A0-303AD569B193}.Debug|Any CPU.ActiveCfg = Debug|Any CPU
		{A686F933-569F-4E5D-B7A0-303AD569B193}.Debug|Any CPU.Build.0 = Debug|Any CPU
		{A686F933-569F-4E5D-B7A0-303AD569B193}.Release|Any CPU.ActiveCfg = Release|Any CPU
		{A686F933-569F-4E5D-B7A0-303AD569B193}.Release|Any CPU.Build.0 = Release|Any CPU
	EndGlobalSection
	GlobalSection(SolutionProperties) = preSolution
		HideSolutionNode = FALSE
	EndGlobalSection
EndGlobal
